
Microsoft Visual Studio Solution File, Format Version 12.00
# Visual Studio 15
VisualStudioVersion = 15.0.27130.2027
MinimumVisualStudioVersion = 10.0.40219.1
Project("{8BC9CEB8-8B4A-11D0-8D11-00A0C91BC942}") = "Core", "Core\Core.vcxproj", "{7394AD84-DF32-4BE8-B07C-15F10A762125}"
EndProject
Project("{8BC9CEB8-8B4A-11D0-8D11-00A0C91BC942}") = "Perft", "Perft\Perft.vcxproj", "{0945B05B-D055-460B-B798-9541F6BB809F}"
EndProject
Project("{8BC9CEB8-8B4A-11D0-8D11-00A0C91BC942}") = "Engine", "Engine\Engine.vcxproj", "{FC8E2AA2-09B4-410E-BA19-5D9F41FA1A73}"
EndProject
Project("{8BC9CEB8-8B4A-11D0-8D11-00A0C91BC942}") = "Generator", "Generator\Generator.vcxproj", "{C0236E17-D639-4D8D-B957-8235CF1F7DB7}"
EndProject
Project("{8BC9CEB8-8B4A-11D0-8D11-00A0C91BC942}") = "Solver", "Solver\Solver.vcxproj", "{83704791-B86E-4DA4-A30C-F273245CB24D}"
EndProject
Project("{8BC9CEB8-8B4A-11D0-8D11-00A0C91BC942}") = "CoreTest", "CoreTest\CoreTest.vcxproj", "{23E20BD0-2484-409C-8ECE-5020CA8D0656}"
EndProject
Project("{8BC9CEB8-8B4A-11D0-8D11-00A0C91BC942}") = "EngineTest", "EngineTest\EngineTest.vcxproj", "{E49E3292-D776-4B6C-9F07-2DC51B8ABC0F}"
EndProject
Project("{8BC9CEB8-8B4A-11D0-8D11-00A0C91BC942}") = "Benchmark", "Benchmark\Benchmark.vcxproj", "{17F2D495-2A11-4B66-A2AD-9C739CA878B7}"
EndProject
Project("{8BC9CEB8-8B4A-11D0-8D11-00A0C91BC942}") = "PositionToMatrix", "PositionToMatrix\PositionToMatrix.vcxproj", "{D3C83F0F-C01A-4533-BB99-67B72027A9A0}"
EndProject
Project("{8BC9CEB8-8B4A-11D0-8D11-00A0C91BC942}") = "IO", "IO\IO.vcxproj", "{067FBE70-EFC7-4A63-BE81-6FA42988F6DF}"
EndProject
Project("{8BC9CEB8-8B4A-11D0-8D11-00A0C91BC942}") = "IOTest", "IOTest\IOTest.vcxproj", "{4C2D903B-F800-4979-AA93-81B611708074}"
EndProject
Project("{8BC9CEB8-8B4A-11D0-8D11-00A0C91BC942}") = "MathTest", "MathTest\MathTest.vcxproj", "{670C25D5-2526-4E57-ADC8-61D0EC062A0C}"
EndProject
Project("{8BC9CEB8-8B4A-11D0-8D11-00A0C91BC942}") = "WeightFitter", "WeightFitter\WeightFitter.vcxproj", "{2B50846A-4442-47B6-9736-3BB8BA6AF3EB}"
EndProject
Global
	GlobalSection(SolutionConfigurationPlatforms) = preSolution
		Debug|x64 = Debug|x64
		Debug|x86 = Debug|x86
		Release|x64 = Release|x64
		Release|x86 = Release|x86
	EndGlobalSection
	GlobalSection(ProjectConfigurationPlatforms) = postSolution
		{7394AD84-DF32-4BE8-B07C-15F10A762125}.Debug|x64.ActiveCfg = Debug|x64
		{7394AD84-DF32-4BE8-B07C-15F10A762125}.Debug|x64.Build.0 = Debug|x64
		{7394AD84-DF32-4BE8-B07C-15F10A762125}.Debug|x86.ActiveCfg = Debug|x64
		{7394AD84-DF32-4BE8-B07C-15F10A762125}.Release|x64.ActiveCfg = Release|x64
		{7394AD84-DF32-4BE8-B07C-15F10A762125}.Release|x64.Build.0 = Release|x64
		{7394AD84-DF32-4BE8-B07C-15F10A762125}.Release|x86.ActiveCfg = Release|x64
		{0945B05B-D055-460B-B798-9541F6BB809F}.Debug|x64.ActiveCfg = Debug|x64
		{0945B05B-D055-460B-B798-9541F6BB809F}.Debug|x64.Build.0 = Debug|x64
		{0945B05B-D055-460B-B798-9541F6BB809F}.Debug|x86.ActiveCfg = Debug|x64
		{0945B05B-D055-460B-B798-9541F6BB809F}.Release|x64.ActiveCfg = Release|x64
		{0945B05B-D055-460B-B798-9541F6BB809F}.Release|x64.Build.0 = Release|x64
		{0945B05B-D055-460B-B798-9541F6BB809F}.Release|x86.ActiveCfg = Release|x64
		{FC8E2AA2-09B4-410E-BA19-5D9F41FA1A73}.Debug|x64.ActiveCfg = Debug|x64
		{FC8E2AA2-09B4-410E-BA19-5D9F41FA1A73}.Debug|x64.Build.0 = Debug|x64
		{FC8E2AA2-09B4-410E-BA19-5D9F41FA1A73}.Debug|x86.ActiveCfg = Debug|x64
		{FC8E2AA2-09B4-410E-BA19-5D9F41FA1A73}.Release|x64.ActiveCfg = Release|x64
		{FC8E2AA2-09B4-410E-BA19-5D9F41FA1A73}.Release|x64.Build.0 = Release|x64
		{FC8E2AA2-09B4-410E-BA19-5D9F41FA1A73}.Release|x86.ActiveCfg = Release|x64
		{C0236E17-D639-4D8D-B957-8235CF1F7DB7}.Debug|x64.ActiveCfg = Debug|x64
		{C0236E17-D639-4D8D-B957-8235CF1F7DB7}.Debug|x64.Build.0 = Debug|x64
		{C0236E17-D639-4D8D-B957-8235CF1F7DB7}.Debug|x86.ActiveCfg = Debug|x64
		{C0236E17-D639-4D8D-B957-8235CF1F7DB7}.Release|x64.ActiveCfg = Release|x64
		{C0236E17-D639-4D8D-B957-8235CF1F7DB7}.Release|x64.Build.0 = Release|x64
		{C0236E17-D639-4D8D-B957-8235CF1F7DB7}.Release|x86.ActiveCfg = Release|x64
		{83704791-B86E-4DA4-A30C-F273245CB24D}.Debug|x64.ActiveCfg = Debug|x64
		{83704791-B86E-4DA4-A30C-F273245CB24D}.Debug|x64.Build.0 = Debug|x64
		{83704791-B86E-4DA4-A30C-F273245CB24D}.Debug|x86.ActiveCfg = Debug|x64
		{83704791-B86E-4DA4-A30C-F273245CB24D}.Release|x64.ActiveCfg = Release|x64
		{83704791-B86E-4DA4-A30C-F273245CB24D}.Release|x64.Build.0 = Release|x64
		{83704791-B86E-4DA4-A30C-F273245CB24D}.Release|x86.ActiveCfg = Release|x64
		{23E20BD0-2484-409C-8ECE-5020CA8D0656}.Debug|x64.ActiveCfg = Debug|x64
		{23E20BD0-2484-409C-8ECE-5020CA8D0656}.Debug|x64.Build.0 = Debug|x64
		{23E20BD0-2484-409C-8ECE-5020CA8D0656}.Debug|x86.ActiveCfg = Debug|x64
		{23E20BD0-2484-409C-8ECE-5020CA8D0656}.Release|x64.ActiveCfg = Release|x64
		{23E20BD0-2484-409C-8ECE-5020CA8D0656}.Release|x64.Build.0 = Release|x64
		{23E20BD0-2484-409C-8ECE-5020CA8D0656}.Release|x86.ActiveCfg = Release|x64
		{E49E3292-D776-4B6C-9F07-2DC51B8ABC0F}.Debug|x64.ActiveCfg = Debug|x64
		{E49E3292-D776-4B6C-9F07-2DC51B8ABC0F}.Debug|x64.Build.0 = Debug|x64
		{E49E3292-D776-4B6C-9F07-2DC51B8ABC0F}.Debug|x86.ActiveCfg = Debug|x64
		{E49E3292-D776-4B6C-9F07-2DC51B8ABC0F}.Release|x64.ActiveCfg = Release|x64
		{E49E3292-D776-4B6C-9F07-2DC51B8ABC0F}.Release|x64.Build.0 = Release|x64
		{E49E3292-D776-4B6C-9F07-2DC51B8ABC0F}.Release|x86.ActiveCfg = Release|x64
		{17F2D495-2A11-4B66-A2AD-9C739CA878B7}.Debug|x64.ActiveCfg = Debug|x64
		{17F2D495-2A11-4B66-A2AD-9C739CA878B7}.Debug|x64.Build.0 = Debug|x64
		{17F2D495-2A11-4B66-A2AD-9C739CA878B7}.Debug|x86.ActiveCfg = Debug|x64
		{17F2D495-2A11-4B66-A2AD-9C739CA878B7}.Release|x64.ActiveCfg = Release|x64
		{17F2D495-2A11-4B66-A2AD-9C739CA878B7}.Release|x64.Build.0 = Release|x64
		{17F2D495-2A11-4B66-A2AD-9C739CA878B7}.Release|x86.ActiveCfg = Release|x64
		{D3C83F0F-C01A-4533-BB99-67B72027A9A0}.Debug|x64.ActiveCfg = Debug|x64
		{D3C83F0F-C01A-4533-BB99-67B72027A9A0}.Debug|x64.Build.0 = Debug|x64
		{D3C83F0F-C01A-4533-BB99-67B72027A9A0}.Debug|x86.ActiveCfg = Debug|Win32
		{D3C83F0F-C01A-4533-BB99-67B72027A9A0}.Debug|x86.Build.0 = Debug|Win32
		{D3C83F0F-C01A-4533-BB99-67B72027A9A0}.Release|x64.ActiveCfg = Release|x64
		{D3C83F0F-C01A-4533-BB99-67B72027A9A0}.Release|x64.Build.0 = Release|x64
		{D3C83F0F-C01A-4533-BB99-67B72027A9A0}.Release|x86.ActiveCfg = Release|Win32
		{D3C83F0F-C01A-4533-BB99-67B72027A9A0}.Release|x86.Build.0 = Release|Win32
		{067FBE70-EFC7-4A63-BE81-6FA42988F6DF}.Debug|x64.ActiveCfg = Debug|x64
		{067FBE70-EFC7-4A63-BE81-6FA42988F6DF}.Debug|x64.Build.0 = Debug|x64
		{067FBE70-EFC7-4A63-BE81-6FA42988F6DF}.Debug|x86.ActiveCfg = Debug|x64
		{067FBE70-EFC7-4A63-BE81-6FA42988F6DF}.Release|x64.ActiveCfg = Release|x64
		{067FBE70-EFC7-4A63-BE81-6FA42988F6DF}.Release|x64.Build.0 = Release|x64
		{067FBE70-EFC7-4A63-BE81-6FA42988F6DF}.Release|x86.ActiveCfg = Release|x64
		{4C2D903B-F800-4979-AA93-81B611708074}.Debug|x64.ActiveCfg = Debug|x64
		{4C2D903B-F800-4979-AA93-81B611708074}.Debug|x64.Build.0 = Debug|x64
		{4C2D903B-F800-4979-AA93-81B611708074}.Debug|x86.ActiveCfg = Debug|x64
		{4C2D903B-F800-4979-AA93-81B611708074}.Release|x64.ActiveCfg = Release|x64
		{4C2D903B-F800-4979-AA93-81B611708074}.Release|x64.Build.0 = Release|x64
		{4C2D903B-F800-4979-AA93-81B611708074}.Release|x86.ActiveCfg = Release|x64
		{670C25D5-2526-4E57-ADC8-61D0EC062A0C}.Debug|x64.ActiveCfg = Debug|x64
		{670C25D5-2526-4E57-ADC8-61D0EC062A0C}.Debug|x64.Build.0 = Debug|x64
		{670C25D5-2526-4E57-ADC8-61D0EC062A0C}.Debug|x86.ActiveCfg = Debug|x64
		{670C25D5-2526-4E57-ADC8-61D0EC062A0C}.Release|x64.ActiveCfg = Release|x64
		{670C25D5-2526-4E57-ADC8-61D0EC062A0C}.Release|x64.Build.0 = Release|x64
		{670C25D5-2526-4E57-ADC8-61D0EC062A0C}.Release|x86.ActiveCfg = Release|x64
		{2B50846A-4442-47B6-9736-3BB8BA6AF3EB}.Debug|x64.ActiveCfg = Debug|x64
		{2B50846A-4442-47B6-9736-3BB8BA6AF3EB}.Debug|x64.Build.0 = Debug|x64
		{2B50846A-4442-47B6-9736-3BB8BA6AF3EB}.Debug|x86.ActiveCfg = Debug|x64
		{2B50846A-4442-47B6-9736-3BB8BA6AF3EB}.Release|x64.ActiveCfg = Release|x64
		{2B50846A-4442-47B6-9736-3BB8BA6AF3EB}.Release|x64.Build.0 = Release|x64
		{2B50846A-4442-47B6-9736-3BB8BA6AF3EB}.Release|x86.ActiveCfg = Release|x64
	EndGlobalSection
	GlobalSection(SolutionProperties) = preSolution
		HideSolutionNode = FALSE
	EndGlobalSection
	GlobalSection(ExtensibilityGlobals) = postSolution
		SolutionGuid = {BC816F4D-E531-48B3-8895-D38141AC8B90}
	EndGlobalSection
EndGlobal
