
Microsoft Visual Studio Solution File, Format Version 12.00
# Visual Studio 15
VisualStudioVersion = 15.0.27130.2027
MinimumVisualStudioVersion = 10.0.40219.1
Project("{8BC9CEB8-8B4A-11D0-8D11-00A0C91BC942}") = "Core", "Core\Core.vcxproj", "{7394AD84-DF32-4BE8-B07C-15F10A762125}"
EndProject
Project("{8BC9CEB8-8B4A-11D0-8D11-00A0C91BC942}") = "Perft", "Perft\Perft.vcxproj", "{0945B05B-D055-460B-B798-9541F6BB809F}"
EndProject
Project("{8BC9CEB8-8B4A-11D0-8D11-00A0C91BC942}") = "Engine", "Engine\Engine.vcxproj", "{FC8E2AA2-09B4-410E-BA19-5D9F41FA1A73}"
EndProject
Global
	GlobalSection(SolutionConfigurationPlatforms) = preSolution
		Debug|x64 = Debug|x64
		Release|x64 = Release|x64
	EndGlobalSection
	GlobalSection(ProjectConfigurationPlatforms) = postSolution
		{7394AD84-DF32-4BE8-B07C-15F10A762125}.Debug|x64.ActiveCfg = Debug|x64
		{7394AD84-DF32-4BE8-B07C-15F10A762125}.Debug|x64.Build.0 = Debug|x64
		{7394AD84-DF32-4BE8-B07C-15F10A762125}.Release|x64.ActiveCfg = Release|x64
		{7394AD84-DF32-4BE8-B07C-15F10A762125}.Release|x64.Build.0 = Release|x64
		{0945B05B-D055-460B-B798-9541F6BB809F}.Debug|x64.ActiveCfg = Debug|x64
		{0945B05B-D055-460B-B798-9541F6BB809F}.Debug|x64.Build.0 = Debug|x64
		{0945B05B-D055-460B-B798-9541F6BB809F}.Release|x64.ActiveCfg = Release|x64
		{0945B05B-D055-460B-B798-9541F6BB809F}.Release|x64.Build.0 = Release|x64
		{FC8E2AA2-09B4-410E-BA19-5D9F41FA1A73}.Debug|x64.ActiveCfg = Debug|x64
		{FC8E2AA2-09B4-410E-BA19-5D9F41FA1A73}.Debug|x64.Build.0 = Debug|x64
		{FC8E2AA2-09B4-410E-BA19-5D9F41FA1A73}.Release|x64.ActiveCfg = Release|x64
		{FC8E2AA2-09B4-410E-BA19-5D9F41FA1A73}.Release|x64.Build.0 = Release|x64
	EndGlobalSection
	GlobalSection(SolutionProperties) = preSolution
		HideSolutionNode = FALSE
	EndGlobalSection
	GlobalSection(ExtensibilityGlobals) = postSolution
		SolutionGuid = {BC816F4D-E531-48B3-8895-D38141AC8B90}
	EndGlobalSection
EndGlobal
