
Microsoft Visual Studio Solution File, Format Version 12.00
# Visual Studio 15
VisualStudioVersion = 15.0.27130.2010
MinimumVisualStudioVersion = 10.0.40219.1
Project("{8BC9CEB8-8B4A-11D0-8D11-00A0C91BC942}") = "perft_haswell", "perft_haswell\perft_haswell.vcxproj", "{FE6CD669-8090-40E8-AD1F-9370B7BEBB97}"
EndProject
Project("{8BC9CEB8-8B4A-11D0-8D11-00A0C91BC942}") = "posgen", "posgen\posgen.vcxproj", "{5A0AD4E9-8BF5-443B-A7D7-58AEF3094C56}"
EndProject
Project("{8BC9CEB8-8B4A-11D0-8D11-00A0C91BC942}") = "positionmanager", "positionmanager\positionmanager.vcxproj", "{261B2C93-0E7A-481A-BD7C-7EF94C075647}"
EndProject
Project("{8BC9CEB8-8B4A-11D0-8D11-00A0C91BC942}") = "positiontomatrix", "positiontomatrix\positiontomatrix.vcxproj", "{00550049-B13C-4132-ABE6-1E9D2A9C9F3B}"
EndProject
Project("{8BC9CEB8-8B4A-11D0-8D11-00A0C91BC942}") = "solver", "solver\solver.vcxproj", "{054146DD-7475-412D-B618-F9E75318EA70}"
EndProject
Project("{8BC9CEB8-8B4A-11D0-8D11-00A0C91BC942}") = "weightfitter", "weightfitter\weightfitter.vcxproj", "{C05124F2-062F-437B-B017-0FFE55723102}"
EndProject
Project("{8BC9CEB8-8B4A-11D0-8D11-00A0C91BC942}") = "Array2D_Test", "Array2D_Test\Array2D_Test.vcxproj", "{C79A3EBD-BEC4-41A1-8F65-2F03D741EB4A}"
EndProject
Project("{8BC9CEB8-8B4A-11D0-8D11-00A0C91BC942}") = "FlipFast_Test", "FlipFast_Test\FlipFast_Test.vcxproj", "{988A63BF-C037-4B59-A14C-0F0C5FD13208}"
EndProject
Project("{8BC9CEB8-8B4A-11D0-8D11-00A0C91BC942}") = "CountLastFlip_Test", "CountLastFlip_Test\CountLastFlip_Test.vcxproj", "{3884EA22-9618-408A-B838-B23376BF7489}"
EndProject
Project("{8BC9CEB8-8B4A-11D0-8D11-00A0C91BC942}") = "Configfile_Test", "Configfile_Test\Configfile_Test.vcxproj", "{D9FF7ECD-6382-4107-8A94-8CD79B22495C}"
EndProject
Project("{8BC9CEB8-8B4A-11D0-8D11-00A0C91BC942}") = "FlipLoop_Test", "FlipLoop_Test\FlipLoop_Test.vcxproj", "{8AF51EF3-69AB-4713-953A-A0F0F86DE72E}"
EndProject
Project("{8BC9CEB8-8B4A-11D0-8D11-00A0C91BC942}") = "Game_Test", "Game_Test\Game_Test.vcxproj", "{1391ED6D-67B8-4BC6-9FCA-CE0CE564F5B8}"
EndProject
Project("{8BC9CEB8-8B4A-11D0-8D11-00A0C91BC942}") = "GeneratePositions_Test", "GeneratePositions_Test\GeneratePositions_Test.vcxproj", "{BBD59FB3-B9CE-4CC3-A7AE-76E5640C2BBC}"
EndProject
Project("{8BC9CEB8-8B4A-11D0-8D11-00A0C91BC942}") = "Pattern_Test", "Pattern_Test\Pattern_Test.vcxproj", "{036B2128-E693-43FD-950E-9739E17552C7}"
EndProject
Project("{8BC9CEB8-8B4A-11D0-8D11-00A0C91BC942}") = "PositionToMatrix_Test", "PositionToMatrix_Test\PositionToMatrix_Test.vcxproj", "{B27712E6-F387-4FF3-A6A3-DB7B2B917B1A}"
EndProject
Project("{8BC9CEB8-8B4A-11D0-8D11-00A0C91BC942}") = "WeightFitter_Test", "WeightFitter_Test\WeightFitter_Test.vcxproj", "{213719AD-30A4-411B-BD2A-7CC886E381F7}"
EndProject
Project("{8BC9CEB8-8B4A-11D0-8D11-00A0C91BC942}") = "Position_Test", "Position_Test\Position_Test.vcxproj", "{40EC31C2-E0FE-4325-98B2-3CEC932C3CDA}"
EndProject
Global
	GlobalSection(SolutionConfigurationPlatforms) = preSolution
		Debug|x64 = Debug|x64
		Debug|x86 = Debug|x86
		Release|x64 = Release|x64
		Release|x86 = Release|x86
	EndGlobalSection
	GlobalSection(ProjectConfigurationPlatforms) = postSolution
		{FE6CD669-8090-40E8-AD1F-9370B7BEBB97}.Debug|x64.ActiveCfg = Debug|x64
		{FE6CD669-8090-40E8-AD1F-9370B7BEBB97}.Debug|x64.Build.0 = Debug|x64
		{FE6CD669-8090-40E8-AD1F-9370B7BEBB97}.Debug|x86.ActiveCfg = Debug|Win32
		{FE6CD669-8090-40E8-AD1F-9370B7BEBB97}.Debug|x86.Build.0 = Debug|Win32
		{FE6CD669-8090-40E8-AD1F-9370B7BEBB97}.Release|x64.ActiveCfg = Release|x64
		{FE6CD669-8090-40E8-AD1F-9370B7BEBB97}.Release|x64.Build.0 = Release|x64
		{FE6CD669-8090-40E8-AD1F-9370B7BEBB97}.Release|x86.ActiveCfg = Release|Win32
		{FE6CD669-8090-40E8-AD1F-9370B7BEBB97}.Release|x86.Build.0 = Release|Win32
		{5A0AD4E9-8BF5-443B-A7D7-58AEF3094C56}.Debug|x64.ActiveCfg = Debug|x64
		{5A0AD4E9-8BF5-443B-A7D7-58AEF3094C56}.Debug|x64.Build.0 = Debug|x64
		{5A0AD4E9-8BF5-443B-A7D7-58AEF3094C56}.Debug|x86.ActiveCfg = Debug|Win32
		{5A0AD4E9-8BF5-443B-A7D7-58AEF3094C56}.Debug|x86.Build.0 = Debug|Win32
		{5A0AD4E9-8BF5-443B-A7D7-58AEF3094C56}.Release|x64.ActiveCfg = Release|x64
		{5A0AD4E9-8BF5-443B-A7D7-58AEF3094C56}.Release|x64.Build.0 = Release|x64
		{5A0AD4E9-8BF5-443B-A7D7-58AEF3094C56}.Release|x86.ActiveCfg = Release|Win32
		{5A0AD4E9-8BF5-443B-A7D7-58AEF3094C56}.Release|x86.Build.0 = Release|Win32
		{261B2C93-0E7A-481A-BD7C-7EF94C075647}.Debug|x64.ActiveCfg = Debug|x64
		{261B2C93-0E7A-481A-BD7C-7EF94C075647}.Debug|x64.Build.0 = Debug|x64
		{261B2C93-0E7A-481A-BD7C-7EF94C075647}.Debug|x86.ActiveCfg = Debug|Win32
		{261B2C93-0E7A-481A-BD7C-7EF94C075647}.Debug|x86.Build.0 = Debug|Win32
		{261B2C93-0E7A-481A-BD7C-7EF94C075647}.Release|x64.ActiveCfg = Release|x64
		{261B2C93-0E7A-481A-BD7C-7EF94C075647}.Release|x64.Build.0 = Release|x64
		{261B2C93-0E7A-481A-BD7C-7EF94C075647}.Release|x86.ActiveCfg = Release|Win32
		{261B2C93-0E7A-481A-BD7C-7EF94C075647}.Release|x86.Build.0 = Release|Win32
		{00550049-B13C-4132-ABE6-1E9D2A9C9F3B}.Debug|x64.ActiveCfg = Debug|x64
		{00550049-B13C-4132-ABE6-1E9D2A9C9F3B}.Debug|x64.Build.0 = Debug|x64
		{00550049-B13C-4132-ABE6-1E9D2A9C9F3B}.Debug|x86.ActiveCfg = Debug|Win32
		{00550049-B13C-4132-ABE6-1E9D2A9C9F3B}.Debug|x86.Build.0 = Debug|Win32
		{00550049-B13C-4132-ABE6-1E9D2A9C9F3B}.Release|x64.ActiveCfg = Release|x64
		{00550049-B13C-4132-ABE6-1E9D2A9C9F3B}.Release|x64.Build.0 = Release|x64
		{00550049-B13C-4132-ABE6-1E9D2A9C9F3B}.Release|x86.ActiveCfg = Release|Win32
		{00550049-B13C-4132-ABE6-1E9D2A9C9F3B}.Release|x86.Build.0 = Release|Win32
		{054146DD-7475-412D-B618-F9E75318EA70}.Debug|x64.ActiveCfg = Debug|x64
		{054146DD-7475-412D-B618-F9E75318EA70}.Debug|x64.Build.0 = Debug|x64
		{054146DD-7475-412D-B618-F9E75318EA70}.Debug|x86.ActiveCfg = Debug|Win32
		{054146DD-7475-412D-B618-F9E75318EA70}.Debug|x86.Build.0 = Debug|Win32
		{054146DD-7475-412D-B618-F9E75318EA70}.Release|x64.ActiveCfg = Release|x64
		{054146DD-7475-412D-B618-F9E75318EA70}.Release|x64.Build.0 = Release|x64
		{054146DD-7475-412D-B618-F9E75318EA70}.Release|x86.ActiveCfg = Release|Win32
		{054146DD-7475-412D-B618-F9E75318EA70}.Release|x86.Build.0 = Release|Win32
		{C05124F2-062F-437B-B017-0FFE55723102}.Debug|x64.ActiveCfg = Debug|x64
		{C05124F2-062F-437B-B017-0FFE55723102}.Debug|x64.Build.0 = Debug|x64
		{C05124F2-062F-437B-B017-0FFE55723102}.Debug|x86.ActiveCfg = Debug|x64
		{C05124F2-062F-437B-B017-0FFE55723102}.Debug|x86.Build.0 = Debug|x64
		{C05124F2-062F-437B-B017-0FFE55723102}.Release|x64.ActiveCfg = Debug|x64
		{C05124F2-062F-437B-B017-0FFE55723102}.Release|x64.Build.0 = Debug|x64
		{C05124F2-062F-437B-B017-0FFE55723102}.Release|x86.ActiveCfg = Debug|x64
		{C05124F2-062F-437B-B017-0FFE55723102}.Release|x86.Build.0 = Debug|x64
		{C79A3EBD-BEC4-41A1-8F65-2F03D741EB4A}.Debug|x64.ActiveCfg = Debug|x64
		{C79A3EBD-BEC4-41A1-8F65-2F03D741EB4A}.Debug|x64.Build.0 = Debug|x64
		{C79A3EBD-BEC4-41A1-8F65-2F03D741EB4A}.Debug|x86.ActiveCfg = Debug|x64
		{C79A3EBD-BEC4-41A1-8F65-2F03D741EB4A}.Debug|x86.Build.0 = Debug|x64
		{C79A3EBD-BEC4-41A1-8F65-2F03D741EB4A}.Release|x64.ActiveCfg = Debug|x64
		{C79A3EBD-BEC4-41A1-8F65-2F03D741EB4A}.Release|x64.Build.0 = Debug|x64
		{C79A3EBD-BEC4-41A1-8F65-2F03D741EB4A}.Release|x86.ActiveCfg = Debug|x64
		{C79A3EBD-BEC4-41A1-8F65-2F03D741EB4A}.Release|x86.Build.0 = Debug|x64
		{988A63BF-C037-4B59-A14C-0F0C5FD13208}.Debug|x64.ActiveCfg = Debug|x64
		{988A63BF-C037-4B59-A14C-0F0C5FD13208}.Debug|x64.Build.0 = Debug|x64
		{988A63BF-C037-4B59-A14C-0F0C5FD13208}.Debug|x86.ActiveCfg = Debug|x64
		{988A63BF-C037-4B59-A14C-0F0C5FD13208}.Debug|x86.Build.0 = Debug|x64
		{988A63BF-C037-4B59-A14C-0F0C5FD13208}.Release|x64.ActiveCfg = Debug|x64
		{988A63BF-C037-4B59-A14C-0F0C5FD13208}.Release|x64.Build.0 = Debug|x64
		{988A63BF-C037-4B59-A14C-0F0C5FD13208}.Release|x86.ActiveCfg = Debug|x64
		{988A63BF-C037-4B59-A14C-0F0C5FD13208}.Release|x86.Build.0 = Debug|x64
		{3884EA22-9618-408A-B838-B23376BF7489}.Debug|x64.ActiveCfg = Debug|x64
		{3884EA22-9618-408A-B838-B23376BF7489}.Debug|x64.Build.0 = Debug|x64
		{3884EA22-9618-408A-B838-B23376BF7489}.Debug|x86.ActiveCfg = Debug|x64
		{3884EA22-9618-408A-B838-B23376BF7489}.Debug|x86.Build.0 = Debug|x64
		{3884EA22-9618-408A-B838-B23376BF7489}.Release|x64.ActiveCfg = Debug|x64
		{3884EA22-9618-408A-B838-B23376BF7489}.Release|x64.Build.0 = Debug|x64
		{3884EA22-9618-408A-B838-B23376BF7489}.Release|x86.ActiveCfg = Debug|x64
		{3884EA22-9618-408A-B838-B23376BF7489}.Release|x86.Build.0 = Debug|x64
		{D9FF7ECD-6382-4107-8A94-8CD79B22495C}.Debug|x64.ActiveCfg = Debug|x64
		{D9FF7ECD-6382-4107-8A94-8CD79B22495C}.Debug|x64.Build.0 = Debug|x64
		{D9FF7ECD-6382-4107-8A94-8CD79B22495C}.Debug|x86.ActiveCfg = Debug|Win32
		{D9FF7ECD-6382-4107-8A94-8CD79B22495C}.Debug|x86.Build.0 = Debug|Win32
		{D9FF7ECD-6382-4107-8A94-8CD79B22495C}.Release|x64.ActiveCfg = Release|x64
		{D9FF7ECD-6382-4107-8A94-8CD79B22495C}.Release|x64.Build.0 = Release|x64
		{D9FF7ECD-6382-4107-8A94-8CD79B22495C}.Release|x86.ActiveCfg = Release|Win32
		{D9FF7ECD-6382-4107-8A94-8CD79B22495C}.Release|x86.Build.0 = Release|Win32
		{8AF51EF3-69AB-4713-953A-A0F0F86DE72E}.Debug|x64.ActiveCfg = Debug|x64
		{8AF51EF3-69AB-4713-953A-A0F0F86DE72E}.Debug|x64.Build.0 = Debug|x64
		{8AF51EF3-69AB-4713-953A-A0F0F86DE72E}.Debug|x86.ActiveCfg = Debug|Win32
		{8AF51EF3-69AB-4713-953A-A0F0F86DE72E}.Debug|x86.Build.0 = Debug|Win32
		{8AF51EF3-69AB-4713-953A-A0F0F86DE72E}.Release|x64.ActiveCfg = Release|x64
		{8AF51EF3-69AB-4713-953A-A0F0F86DE72E}.Release|x64.Build.0 = Release|x64
		{8AF51EF3-69AB-4713-953A-A0F0F86DE72E}.Release|x86.ActiveCfg = Release|Win32
		{8AF51EF3-69AB-4713-953A-A0F0F86DE72E}.Release|x86.Build.0 = Release|Win32
		{1391ED6D-67B8-4BC6-9FCA-CE0CE564F5B8}.Debug|x64.ActiveCfg = Debug|x64
		{1391ED6D-67B8-4BC6-9FCA-CE0CE564F5B8}.Debug|x64.Build.0 = Debug|x64
		{1391ED6D-67B8-4BC6-9FCA-CE0CE564F5B8}.Debug|x86.ActiveCfg = Debug|Win32
		{1391ED6D-67B8-4BC6-9FCA-CE0CE564F5B8}.Debug|x86.Build.0 = Debug|Win32
		{1391ED6D-67B8-4BC6-9FCA-CE0CE564F5B8}.Release|x64.ActiveCfg = Release|x64
		{1391ED6D-67B8-4BC6-9FCA-CE0CE564F5B8}.Release|x64.Build.0 = Release|x64
		{1391ED6D-67B8-4BC6-9FCA-CE0CE564F5B8}.Release|x86.ActiveCfg = Release|Win32
		{1391ED6D-67B8-4BC6-9FCA-CE0CE564F5B8}.Release|x86.Build.0 = Release|Win32
		{BBD59FB3-B9CE-4CC3-A7AE-76E5640C2BBC}.Debug|x64.ActiveCfg = Debug|x64
		{BBD59FB3-B9CE-4CC3-A7AE-76E5640C2BBC}.Debug|x64.Build.0 = Debug|x64
		{BBD59FB3-B9CE-4CC3-A7AE-76E5640C2BBC}.Debug|x86.ActiveCfg = Debug|Win32
		{BBD59FB3-B9CE-4CC3-A7AE-76E5640C2BBC}.Debug|x86.Build.0 = Debug|Win32
		{BBD59FB3-B9CE-4CC3-A7AE-76E5640C2BBC}.Release|x64.ActiveCfg = Release|x64
		{BBD59FB3-B9CE-4CC3-A7AE-76E5640C2BBC}.Release|x64.Build.0 = Release|x64
		{BBD59FB3-B9CE-4CC3-A7AE-76E5640C2BBC}.Release|x86.ActiveCfg = Release|Win32
		{BBD59FB3-B9CE-4CC3-A7AE-76E5640C2BBC}.Release|x86.Build.0 = Release|Win32
		{036B2128-E693-43FD-950E-9739E17552C7}.Debug|x64.ActiveCfg = Debug|x64
		{036B2128-E693-43FD-950E-9739E17552C7}.Debug|x64.Build.0 = Debug|x64
		{036B2128-E693-43FD-950E-9739E17552C7}.Debug|x86.ActiveCfg = Debug|Win32
		{036B2128-E693-43FD-950E-9739E17552C7}.Debug|x86.Build.0 = Debug|Win32
		{036B2128-E693-43FD-950E-9739E17552C7}.Release|x64.ActiveCfg = Release|x64
		{036B2128-E693-43FD-950E-9739E17552C7}.Release|x64.Build.0 = Release|x64
		{036B2128-E693-43FD-950E-9739E17552C7}.Release|x86.ActiveCfg = Release|Win32
		{036B2128-E693-43FD-950E-9739E17552C7}.Release|x86.Build.0 = Release|Win32
		{B27712E6-F387-4FF3-A6A3-DB7B2B917B1A}.Debug|x64.ActiveCfg = Debug|x64
		{B27712E6-F387-4FF3-A6A3-DB7B2B917B1A}.Debug|x64.Build.0 = Debug|x64
		{B27712E6-F387-4FF3-A6A3-DB7B2B917B1A}.Debug|x86.ActiveCfg = Debug|Win32
		{B27712E6-F387-4FF3-A6A3-DB7B2B917B1A}.Debug|x86.Build.0 = Debug|Win32
		{B27712E6-F387-4FF3-A6A3-DB7B2B917B1A}.Release|x64.ActiveCfg = Release|x64
		{B27712E6-F387-4FF3-A6A3-DB7B2B917B1A}.Release|x64.Build.0 = Release|x64
		{B27712E6-F387-4FF3-A6A3-DB7B2B917B1A}.Release|x86.ActiveCfg = Release|Win32
		{B27712E6-F387-4FF3-A6A3-DB7B2B917B1A}.Release|x86.Build.0 = Release|Win32
		{213719AD-30A4-411B-BD2A-7CC886E381F7}.Debug|x64.ActiveCfg = Debug|x64
		{213719AD-30A4-411B-BD2A-7CC886E381F7}.Debug|x64.Build.0 = Debug|x64
		{213719AD-30A4-411B-BD2A-7CC886E381F7}.Debug|x86.ActiveCfg = Debug|Win32
		{213719AD-30A4-411B-BD2A-7CC886E381F7}.Debug|x86.Build.0 = Debug|Win32
		{213719AD-30A4-411B-BD2A-7CC886E381F7}.Release|x64.ActiveCfg = Release|x64
		{213719AD-30A4-411B-BD2A-7CC886E381F7}.Release|x64.Build.0 = Release|x64
		{213719AD-30A4-411B-BD2A-7CC886E381F7}.Release|x86.ActiveCfg = Release|Win32
		{213719AD-30A4-411B-BD2A-7CC886E381F7}.Release|x86.Build.0 = Release|Win32
		{40EC31C2-E0FE-4325-98B2-3CEC932C3CDA}.Debug|x64.ActiveCfg = Debug|x64
		{40EC31C2-E0FE-4325-98B2-3CEC932C3CDA}.Debug|x64.Build.0 = Debug|x64
		{40EC31C2-E0FE-4325-98B2-3CEC932C3CDA}.Debug|x86.ActiveCfg = Debug|Win32
		{40EC31C2-E0FE-4325-98B2-3CEC932C3CDA}.Debug|x86.Build.0 = Debug|Win32
		{40EC31C2-E0FE-4325-98B2-3CEC932C3CDA}.Release|x64.ActiveCfg = Release|x64
		{40EC31C2-E0FE-4325-98B2-3CEC932C3CDA}.Release|x64.Build.0 = Release|x64
		{40EC31C2-E0FE-4325-98B2-3CEC932C3CDA}.Release|x86.ActiveCfg = Release|Win32
		{40EC31C2-E0FE-4325-98B2-3CEC932C3CDA}.Release|x86.Build.0 = Release|Win32
	EndGlobalSection
	GlobalSection(SolutionProperties) = preSolution
		HideSolutionNode = FALSE
	EndGlobalSection
	GlobalSection(ExtensibilityGlobals) = postSolution
		SolutionGuid = {0F59AC03-31B8-4F05-946C-95B563C14308}
	EndGlobalSection
EndGlobal
