<?xml version="1.0" encoding="utf-8"?>
<Project ToolsVersion="4.0" xmlns="http://schemas.microsoft.com/developer/msbuild/2003">
  <ItemGroup>
    <ClCompile Include="src\FlipFast.cpp" />
    <ClCompile Include="src\Position.cpp" />
    <ClCompile Include="src\Utility.cpp" />
    <ClCompile Include="src\PositionGenerator.cpp" />
    <ClCompile Include="src\Path.cpp" />
    <ClCompile Include="src\Args.cpp" />
    <ClCompile Include="src\Puzzles.cpp" />
    <ClCompile Include="src\Search.cpp" />
    <ClCompile Include="src\Moves.cpp" />
    <ClCompile Include="PuzzleCollection.cpp" />
  </ItemGroup>
  <ItemGroup>
    <ClInclude Include="src\FlipFast.h" />
    <ClInclude Include="src\MacrosHell.h" />
    <ClInclude Include="src\Moves.h" />
    <ClInclude Include="src\Position.h" />
    <ClInclude Include="src\Utility.h" />
    <ClInclude Include="src\PositionGenerator.h" />
    <ClInclude Include="src\Hashtable.h" />
    <ClInclude Include="src\Path.h" />
    <ClInclude Include="src\Args.h" />
    <ClInclude Include="src\Puzzles.h" />
    <ClInclude Include="src\Serializable.h" />
    <ClInclude Include="src\PuzzleCollection.h" />
    <ClInclude Include="src\Search.h" />
    <ClInclude Include="src\Environment.h" />
  </ItemGroup>
</Project>